
Microsoft Visual Studio Solution File, Format Version 12.00
# Visual Studio Version 17
VisualStudioVersion = 17.6.33801.468
MinimumVisualStudioVersion = 10.0.40219.1
Project("{FAE04EC0-301F-11D3-BF4B-00C04F79EFBC}") = "Class02_Homework_WebAPI", "Class02_Homework_WebAPI\Class02_Homework_WebAPI.csproj", "{B59277FF-41B1-4F6D-A0C1-F630FB7FAE06}"
EndProject
Global
	GlobalSection(SolutionConfigurationPlatforms) = preSolution
		Debug|Any CPU = Debug|Any CPU
		Release|Any CPU = Release|Any CPU
	EndGlobalSection
	GlobalSection(ProjectConfigurationPlatforms) = postSolution
		{B59277FF-41B1-4F6D-A0C1-F630FB7FAE06}.Debug|Any CPU.ActiveCfg = Debug|Any CPU
		{B59277FF-41B1-4F6D-A0C1-F630FB7FAE06}.Debug|Any CPU.Build.0 = Debug|Any CPU
		{B59277FF-41B1-4F6D-A0C1-F630FB7FAE06}.Release|Any CPU.ActiveCfg = Release|Any CPU
		{B59277FF-41B1-4F6D-A0C1-F630FB7FAE06}.Release|Any CPU.Build.0 = Release|Any CPU
	EndGlobalSection
	GlobalSection(SolutionProperties) = preSolution
		HideSolutionNode = FALSE
	EndGlobalSection
	GlobalSection(ExtensibilityGlobals) = postSolution
		SolutionGuid = {B1A42E2B-D178-4C98-ABD8-3D90BB891FC6}
	EndGlobalSection
EndGlobal
